# This file was autogenerated by Stack.
# You should not edit this file by hand.
# For more information, please see the documentation at:
#   https://docs.haskellstack.org/en/stable/lock_files

packages:
- completed:
    name: cairo-image
    version: 0.1.0.0
    git: https://github.com/YoshikuniJujo/cairo-image.git
    pantry-tree:
      size: 817
      sha256: 12aa672a422c0d3a44e0a4fd5cfa0f48d4576cf8a6e1f70d132da34f79d2a3a7
    commit: 6bac9520ffe609331ad6198b9bc126d2e83426d2
  original:
    git: https://github.com/YoshikuniJujo/cairo-image.git
    commit: 6bac9520ffe609331ad6198b9bc126d2e83426d2
snapshots:
- completed:
    size: 563103
    url: https://raw.githubusercontent.com/commercialhaskell/stackage-snapshots/master/lts/17/4.yaml
    sha256: f11e2153044f5f71ea7b1c9398f4721f517c9bd37642ed769647b896564021f3
  original:
    url: https://raw.githubusercontent.com/commercialhaskell/stackage-snapshots/master/lts/17/4.yaml
