# This file was autogenerated by Stack.
# You should not edit this file by hand.
# For more information, please see the documentation at:
#   https://docs.haskellstack.org/en/stable/topics/lock_files

packages: []
snapshots:
- completed:
    sha256: c2a3e3fb880af83cc500ea1d4e04791d1bdde428e95b24c54b68a51257b2fa69
    size: 712234
    url: https://raw.githubusercontent.com/commercialhaskell/stackage-snapshots/master/nightly/2025/5/21.yaml
  original: nightly-2025-05-21
