# This file was autogenerated by Stack.
# You should not edit this file by hand.
# For more information, please see the documentation at:
#   https://docs.haskellstack.org/en/stable/lock_files

packages:
- completed:
    name: cairo-image
    version: 0.1.0.0
    git: https://github.com/YoshikuniJujo/cairo-image.git
    pantry-tree:
      size: 817
      sha256: 165046c6052ef254a75861c569424b8df39b066ab8a5e6a6433aa1fbc576617d
    commit: a77afd64d3a376ba3449712f70414ae272c5707b
  original:
    git: https://github.com/YoshikuniJujo/cairo-image.git
    commit: a77afd64d3a376ba3449712f70414ae272c5707b
snapshots:
- completed:
    size: 563103
    url: https://raw.githubusercontent.com/commercialhaskell/stackage-snapshots/master/lts/17/4.yaml
    sha256: f11e2153044f5f71ea7b1c9398f4721f517c9bd37642ed769647b896564021f3
  original:
    url: https://raw.githubusercontent.com/commercialhaskell/stackage-snapshots/master/lts/17/4.yaml
